
Microsoft Visual Studio Solution File, Format Version 12.00
# Visual Studio Version 17
VisualStudioVersion = 17.14.36127.28 d17.14
MinimumVisualStudioVersion = 10.0.40219.1
Project("{FAE04EC0-301F-11D3-BF4B-00C04F79EFBC}") = "ExercicioGestaoLivraria", "ExercicioGestaoLivraria.csproj", "{CAD8183D-81DC-4091-8371-60D2A0FEDB7A}"
EndProject
Global
	GlobalSection(SolutionConfigurationPlatforms) = preSolution
		Debug|Any CPU = Debug|Any CPU
		Release|Any CPU = Release|Any CPU
	EndGlobalSection
	GlobalSection(ProjectConfigurationPlatforms) = postSolution
		{CAD8183D-81DC-4091-8371-60D2A0FEDB7A}.Debug|Any CPU.ActiveCfg = Debug|Any CPU
		{CAD8183D-81DC-4091-8371-60D2A0FEDB7A}.Debug|Any CPU.Build.0 = Debug|Any CPU
		{CAD8183D-81DC-4091-8371-60D2A0FEDB7A}.Release|Any CPU.ActiveCfg = Release|Any CPU
		{CAD8183D-81DC-4091-8371-60D2A0FEDB7A}.Release|Any CPU.Build.0 = Release|Any CPU
	EndGlobalSection
	GlobalSection(SolutionProperties) = preSolution
		HideSolutionNode = FALSE
	EndGlobalSection
	GlobalSection(ExtensibilityGlobals) = postSolution
		SolutionGuid = {3986E4C3-65AE-47E8-B62C-F32574629A49}
	EndGlobalSection
EndGlobal
